
Microsoft Visual Studio Solution File, Format Version 12.00
# Visual Studio Version 17
VisualStudioVersion = 17.4.33122.133
MinimumVisualStudioVersion = 10.0.40219.1
Project("{9A19103F-16F7-4668-BE54-9A1E7A4F7556}") = "CMSwebPortal", "CMSwebPortal\CMSwebPortal.csproj", "{F6D72612-4ACF-49AE-A72F-08DFA2A9A864}"
EndProject
Project("{2150E333-8FDC-42A3-9474-1A3956D46DE8}") = "Common", "Common", "{56D14B2D-F0BB-4DE5-B45C-D7C11F36F467}"
EndProject
Project("{2150E333-8FDC-42A3-9474-1A3956D46DE8}") = "Communication", "Communication", "{A813845B-3172-49BF-8825-7913D43CF087}"
EndProject
Project("{2150E333-8FDC-42A3-9474-1A3956D46DE8}") = "BusinessLayer", "BusinessLayer", "{30D131FB-2133-4FD4-95C9-D36F6479D2EA}"
EndProject
Project("{2150E333-8FDC-42A3-9474-1A3956D46DE8}") = "DataAccessLayer", "DataAccessLayer", "{66C795C9-E3DC-47EB-9790-EED2512EF2BC}"
EndProject
Project("{2150E333-8FDC-42A3-9474-1A3956D46DE8}") = "Models", "Models", "{41FF8DE3-807C-42EC-8457-2716A06E5CD0}"
EndProject
Project("{9A19103F-16F7-4668-BE54-9A1E7A4F7556}") = "CMSwebPortal.Models", "CMSwebPortal.Models\CMSwebPortal.Models.csproj", "{06347C28-F4B7-4512-A354-8ABEEB615125}"
EndProject
Project("{9A19103F-16F7-4668-BE54-9A1E7A4F7556}") = "CMSwebPortal.DataLayer", "CMSwebPortal.DataLayer\CMSwebPortal.DataLayer.csproj", "{DF71F7BF-C28D-44A8-ADC4-AE38F283591D}"
EndProject
Project("{9A19103F-16F7-4668-BE54-9A1E7A4F7556}") = "CMSwebPortal.Communication", "CMSwebPortal.Communication\CMSwebPortal.Communication.csproj", "{2CD949D7-4C09-48B1-B976-13248CB8CF15}"
EndProject
Project("{9A19103F-16F7-4668-BE54-9A1E7A4F7556}") = "CMSwebPortal.Common", "CMSwebPortal.Common\CMSwebPortal.Common.csproj", "{658635ED-4754-4B91-B76B-FC94D40DD801}"
EndProject
Project("{9A19103F-16F7-4668-BE54-9A1E7A4F7556}") = "CMSwebPortal.BusinessLayer", "CMSwebPortal.BusinessLayer\CMSwebPortal.BusinessLayer.csproj", "{0F9E3238-7DF1-4317-BC4E-CBD15FDDF116}"
EndProject
Project("{9A19103F-16F7-4668-BE54-9A1E7A4F7556}") = "UnitTests", "UnitTests\UnitTests.csproj", "{1C5A5E34-7A84-489E-9F01-D0B7C186491A}"
EndProject
Project("{2150E333-8FDC-42A3-9474-1A3956D46DE8}") = "Api", "Api", "{8BD39B20-788D-4340-98AF-E7E91D6A776E}"
EndProject
Project("{2150E333-8FDC-42A3-9474-1A3956D46DE8}") = "Test", "Test", "{BDE69B3B-5F32-403E-83F7-41E46BD976C8}"
EndProject
Project("{9A19103F-16F7-4668-BE54-9A1E7A4F7556}") = "DbFirstApproach", "DbFirstApproach\DbFirstApproach.csproj", "{A514CC47-0774-4FC1-A275-150F58870B1D}"
EndProject
Project("{2150E333-8FDC-42A3-9474-1A3956D46DE8}") = "Api(Db First Approach)", "Api(Db First Approach)", "{4DF139C7-3600-42E8-A935-C0646A538CC9}"
EndProject
Global
	GlobalSection(SolutionConfigurationPlatforms) = preSolution
		Debug|Any CPU = Debug|Any CPU
		Release|Any CPU = Release|Any CPU
	EndGlobalSection
	GlobalSection(ProjectConfigurationPlatforms) = postSolution
		{F6D72612-4ACF-49AE-A72F-08DFA2A9A864}.Debug|Any CPU.ActiveCfg = Debug|Any CPU
		{F6D72612-4ACF-49AE-A72F-08DFA2A9A864}.Debug|Any CPU.Build.0 = Debug|Any CPU
		{F6D72612-4ACF-49AE-A72F-08DFA2A9A864}.Release|Any CPU.ActiveCfg = Release|Any CPU
		{F6D72612-4ACF-49AE-A72F-08DFA2A9A864}.Release|Any CPU.Build.0 = Release|Any CPU
		{06347C28-F4B7-4512-A354-8ABEEB615125}.Debug|Any CPU.ActiveCfg = Debug|Any CPU
		{06347C28-F4B7-4512-A354-8ABEEB615125}.Debug|Any CPU.Build.0 = Debug|Any CPU
		{06347C28-F4B7-4512-A354-8ABEEB615125}.Release|Any CPU.ActiveCfg = Release|Any CPU
		{06347C28-F4B7-4512-A354-8ABEEB615125}.Release|Any CPU.Build.0 = Release|Any CPU
		{DF71F7BF-C28D-44A8-ADC4-AE38F283591D}.Debug|Any CPU.ActiveCfg = Debug|Any CPU
		{DF71F7BF-C28D-44A8-ADC4-AE38F283591D}.Debug|Any CPU.Build.0 = Debug|Any CPU
		{DF71F7BF-C28D-44A8-ADC4-AE38F283591D}.Release|Any CPU.ActiveCfg = Release|Any CPU
		{DF71F7BF-C28D-44A8-ADC4-AE38F283591D}.Release|Any CPU.Build.0 = Release|Any CPU
		{2CD949D7-4C09-48B1-B976-13248CB8CF15}.Debug|Any CPU.ActiveCfg = Debug|Any CPU
		{2CD949D7-4C09-48B1-B976-13248CB8CF15}.Debug|Any CPU.Build.0 = Debug|Any CPU
		{2CD949D7-4C09-48B1-B976-13248CB8CF15}.Release|Any CPU.ActiveCfg = Release|Any CPU
		{2CD949D7-4C09-48B1-B976-13248CB8CF15}.Release|Any CPU.Build.0 = Release|Any CPU
		{658635ED-4754-4B91-B76B-FC94D40DD801}.Debug|Any CPU.ActiveCfg = Debug|Any CPU
		{658635ED-4754-4B91-B76B-FC94D40DD801}.Debug|Any CPU.Build.0 = Debug|Any CPU
		{658635ED-4754-4B91-B76B-FC94D40DD801}.Release|Any CPU.ActiveCfg = Release|Any CPU
		{658635ED-4754-4B91-B76B-FC94D40DD801}.Release|Any CPU.Build.0 = Release|Any CPU
		{0F9E3238-7DF1-4317-BC4E-CBD15FDDF116}.Debug|Any CPU.ActiveCfg = Debug|Any CPU
		{0F9E3238-7DF1-4317-BC4E-CBD15FDDF116}.Debug|Any CPU.Build.0 = Debug|Any CPU
		{0F9E3238-7DF1-4317-BC4E-CBD15FDDF116}.Release|Any CPU.ActiveCfg = Release|Any CPU
		{0F9E3238-7DF1-4317-BC4E-CBD15FDDF116}.Release|Any CPU.Build.0 = Release|Any CPU
		{1C5A5E34-7A84-489E-9F01-D0B7C186491A}.Debug|Any CPU.ActiveCfg = Debug|Any CPU
		{1C5A5E34-7A84-489E-9F01-D0B7C186491A}.Debug|Any CPU.Build.0 = Debug|Any CPU
		{1C5A5E34-7A84-489E-9F01-D0B7C186491A}.Release|Any CPU.ActiveCfg = Release|Any CPU
		{1C5A5E34-7A84-489E-9F01-D0B7C186491A}.Release|Any CPU.Build.0 = Release|Any CPU
		{A514CC47-0774-4FC1-A275-150F58870B1D}.Debug|Any CPU.ActiveCfg = Debug|Any CPU
		{A514CC47-0774-4FC1-A275-150F58870B1D}.Debug|Any CPU.Build.0 = Debug|Any CPU
		{A514CC47-0774-4FC1-A275-150F58870B1D}.Release|Any CPU.ActiveCfg = Release|Any CPU
		{A514CC47-0774-4FC1-A275-150F58870B1D}.Release|Any CPU.Build.0 = Release|Any CPU
	EndGlobalSection
	GlobalSection(SolutionProperties) = preSolution
		HideSolutionNode = FALSE
	EndGlobalSection
	GlobalSection(NestedProjects) = preSolution
		{F6D72612-4ACF-49AE-A72F-08DFA2A9A864} = {8BD39B20-788D-4340-98AF-E7E91D6A776E}
		{06347C28-F4B7-4512-A354-8ABEEB615125} = {41FF8DE3-807C-42EC-8457-2716A06E5CD0}
		{DF71F7BF-C28D-44A8-ADC4-AE38F283591D} = {66C795C9-E3DC-47EB-9790-EED2512EF2BC}
		{2CD949D7-4C09-48B1-B976-13248CB8CF15} = {A813845B-3172-49BF-8825-7913D43CF087}
		{658635ED-4754-4B91-B76B-FC94D40DD801} = {56D14B2D-F0BB-4DE5-B45C-D7C11F36F467}
		{0F9E3238-7DF1-4317-BC4E-CBD15FDDF116} = {30D131FB-2133-4FD4-95C9-D36F6479D2EA}
		{1C5A5E34-7A84-489E-9F01-D0B7C186491A} = {BDE69B3B-5F32-403E-83F7-41E46BD976C8}
		{A514CC47-0774-4FC1-A275-150F58870B1D} = {4DF139C7-3600-42E8-A935-C0646A538CC9}
	EndGlobalSection
	GlobalSection(ExtensibilityGlobals) = postSolution
		SolutionGuid = {AA19344D-32C3-4CFB-BAE1-1D7D22BF90F3}
	EndGlobalSection
EndGlobal
